
Microsoft Visual Studio Solution File, Format Version 12.00
# Visual Studio 15
VisualStudioVersion = 15.0.27130.2027
MinimumVisualStudioVersion = 10.0.40219.1
Project("{FAE04EC0-301F-11D3-BF4B-00C04F79EFBC}") = "WPFClient", "WPFClient\WPFClient.csproj", "{BC39E944-9CB3-41D8-AE72-984C98665586}"
EndProject
Global
	GlobalSection(SolutionConfigurationPlatforms) = preSolution
		Debug|Any CPU = Debug|Any CPU
		Release|Any CPU = Release|Any CPU
	EndGlobalSection
	GlobalSection(ProjectConfigurationPlatforms) = postSolution
		{BC39E944-9CB3-41D8-AE72-984C98665586}.Debug|Any CPU.ActiveCfg = Debug|Any CPU
		{BC39E944-9CB3-41D8-AE72-984C98665586}.Debug|Any CPU.Build.0 = Debug|Any CPU
		{BC39E944-9CB3-41D8-AE72-984C98665586}.Release|Any CPU.ActiveCfg = Release|Any CPU
		{BC39E944-9CB3-41D8-AE72-984C98665586}.Release|Any CPU.Build.0 = Release|Any CPU
	EndGlobalSection
	GlobalSection(SolutionProperties) = preSolution
		HideSolutionNode = FALSE
	EndGlobalSection
	GlobalSection(ExtensibilityGlobals) = postSolution
		SolutionGuid = {08C1AF6A-9E8B-4191-9663-BEADA5926DE9}
	EndGlobalSection
EndGlobal
